
Microsoft Visual Studio Solution File, Format Version 12.00
# Visual Studio 15
VisualStudioVersion = 15.0.26430.16
MinimumVisualStudioVersion = 10.0.40219.1
Project("{FAE04EC0-301F-11D3-BF4B-00C04F79EFBC}") = "SmashTracker", "SmashTracker\SmashTracker.csproj", "{C328762E-2B7E-45D9-AEF6-14E8A6D8F613}"
EndProject
Global
	GlobalSection(SolutionConfigurationPlatforms) = preSolution
		Debug|Any CPU = Debug|Any CPU
		Release|Any CPU = Release|Any CPU
	EndGlobalSection
	GlobalSection(ProjectConfigurationPlatforms) = postSolution
		{C328762E-2B7E-45D9-AEF6-14E8A6D8F613}.Debug|Any CPU.ActiveCfg = Debug|Any CPU
		{C328762E-2B7E-45D9-AEF6-14E8A6D8F613}.Debug|Any CPU.Build.0 = Debug|Any CPU
		{C328762E-2B7E-45D9-AEF6-14E8A6D8F613}.Release|Any CPU.ActiveCfg = Release|Any CPU
		{C328762E-2B7E-45D9-AEF6-14E8A6D8F613}.Release|Any CPU.Build.0 = Release|Any CPU
	EndGlobalSection
	GlobalSection(SolutionProperties) = preSolution
		HideSolutionNode = FALSE
	EndGlobalSection
EndGlobal
