
Microsoft Visual Studio Solution File, Format Version 12.00
# Visual Studio Version 16
VisualStudioVersion = 16.0.29102.190
MinimumVisualStudioVersion = 10.0.40219.1
Project("{2150E333-8FDC-42A3-9474-1A3956D46DE8}") = "Common", "Common", "{C660B8E4-F166-475D-8124-60AD6E443FD9}"
EndProject
Project("{2150E333-8FDC-42A3-9474-1A3956D46DE8}") = "src", "src", "{637263BB-C432-4067-8EA6-9A8B956F1379}"
EndProject
Project("{2150E333-8FDC-42A3-9474-1A3956D46DE8}") = "tests", "tests", "{ADD447D0-6623-4710-8247-BA9B71D5D1F3}"
EndProject
Project("{2150E333-8FDC-42A3-9474-1A3956D46DE8}") = "Engines", "Engines", "{7057EDF2-3E0A-4FBC-9338-92AF162F3FB0}"
EndProject
Project("{9A19103F-16F7-4668-BE54-9A1E7A4F7556}") = "SmashTracker.Engines.TrueSkill", "src\Engines\SmashTracker.Engines.TrueSkill\SmashTracker.Engines.TrueSkill.csproj", "{BA442372-8949-4F9A-977A-29B798507FD8}"
EndProject
Project("{9A19103F-16F7-4668-BE54-9A1E7A4F7556}") = "SmashTracker.Data", "src\Common\SmashTracker.Data\SmashTracker.Data.csproj", "{65E29515-7285-4FA3-B460-54B72A5B5770}"
EndProject
Project("{9A19103F-16F7-4668-BE54-9A1E7A4F7556}") = "SmashTracker.Common", "src\Common\SmashTracker.Common\SmashTracker.Common.csproj", "{975FE34F-15A8-4ED2-9BC1-F1CCE643DB38}"
EndProject
Project("{2150E333-8FDC-42A3-9474-1A3956D46DE8}") = "ApiClients", "ApiClients", "{FA5D6FDB-2F22-44AC-871A-D8172E15AC75}"
EndProject
Project("{9A19103F-16F7-4668-BE54-9A1E7A4F7556}") = "SmashTracker.Clients.SmashGG", "src\ApiClients\SmashTracker.Clients.SmashGG\SmashTracker.Clients.SmashGG.csproj", "{C119A62B-BB74-4286-8F56-5F5DE9D36892}"
EndProject
Project("{FAE04EC0-301F-11D3-BF4B-00C04F79EFBC}") = "SmashTracker.Tests", "tests\SmashTracker.Tests\SmashTracker.Tests.csproj", "{44C11EE5-D7D6-4090-8A77-DF1919E5590A}"
EndProject
Global
	GlobalSection(SolutionConfigurationPlatforms) = preSolution
		Debug|Any CPU = Debug|Any CPU
		Release|Any CPU = Release|Any CPU
	EndGlobalSection
	GlobalSection(ProjectConfigurationPlatforms) = postSolution
		{BA442372-8949-4F9A-977A-29B798507FD8}.Debug|Any CPU.ActiveCfg = Debug|Any CPU
		{BA442372-8949-4F9A-977A-29B798507FD8}.Debug|Any CPU.Build.0 = Debug|Any CPU
		{BA442372-8949-4F9A-977A-29B798507FD8}.Release|Any CPU.ActiveCfg = Release|Any CPU
		{BA442372-8949-4F9A-977A-29B798507FD8}.Release|Any CPU.Build.0 = Release|Any CPU
		{65E29515-7285-4FA3-B460-54B72A5B5770}.Debug|Any CPU.ActiveCfg = Debug|Any CPU
		{65E29515-7285-4FA3-B460-54B72A5B5770}.Debug|Any CPU.Build.0 = Debug|Any CPU
		{65E29515-7285-4FA3-B460-54B72A5B5770}.Release|Any CPU.ActiveCfg = Release|Any CPU
		{65E29515-7285-4FA3-B460-54B72A5B5770}.Release|Any CPU.Build.0 = Release|Any CPU
		{975FE34F-15A8-4ED2-9BC1-F1CCE643DB38}.Debug|Any CPU.ActiveCfg = Debug|Any CPU
		{975FE34F-15A8-4ED2-9BC1-F1CCE643DB38}.Debug|Any CPU.Build.0 = Debug|Any CPU
		{975FE34F-15A8-4ED2-9BC1-F1CCE643DB38}.Release|Any CPU.ActiveCfg = Release|Any CPU
		{975FE34F-15A8-4ED2-9BC1-F1CCE643DB38}.Release|Any CPU.Build.0 = Release|Any CPU
		{C119A62B-BB74-4286-8F56-5F5DE9D36892}.Debug|Any CPU.ActiveCfg = Debug|Any CPU
		{C119A62B-BB74-4286-8F56-5F5DE9D36892}.Debug|Any CPU.Build.0 = Debug|Any CPU
		{C119A62B-BB74-4286-8F56-5F5DE9D36892}.Release|Any CPU.ActiveCfg = Release|Any CPU
		{C119A62B-BB74-4286-8F56-5F5DE9D36892}.Release|Any CPU.Build.0 = Release|Any CPU
		{44C11EE5-D7D6-4090-8A77-DF1919E5590A}.Debug|Any CPU.ActiveCfg = Debug|Any CPU
		{44C11EE5-D7D6-4090-8A77-DF1919E5590A}.Debug|Any CPU.Build.0 = Debug|Any CPU
		{44C11EE5-D7D6-4090-8A77-DF1919E5590A}.Release|Any CPU.ActiveCfg = Release|Any CPU
		{44C11EE5-D7D6-4090-8A77-DF1919E5590A}.Release|Any CPU.Build.0 = Release|Any CPU
	EndGlobalSection
	GlobalSection(SolutionProperties) = preSolution
		HideSolutionNode = FALSE
	EndGlobalSection
	GlobalSection(NestedProjects) = preSolution
		{C660B8E4-F166-475D-8124-60AD6E443FD9} = {637263BB-C432-4067-8EA6-9A8B956F1379}
		{7057EDF2-3E0A-4FBC-9338-92AF162F3FB0} = {637263BB-C432-4067-8EA6-9A8B956F1379}
		{BA442372-8949-4F9A-977A-29B798507FD8} = {7057EDF2-3E0A-4FBC-9338-92AF162F3FB0}
		{65E29515-7285-4FA3-B460-54B72A5B5770} = {C660B8E4-F166-475D-8124-60AD6E443FD9}
		{975FE34F-15A8-4ED2-9BC1-F1CCE643DB38} = {C660B8E4-F166-475D-8124-60AD6E443FD9}
		{FA5D6FDB-2F22-44AC-871A-D8172E15AC75} = {637263BB-C432-4067-8EA6-9A8B956F1379}
		{C119A62B-BB74-4286-8F56-5F5DE9D36892} = {FA5D6FDB-2F22-44AC-871A-D8172E15AC75}
		{44C11EE5-D7D6-4090-8A77-DF1919E5590A} = {ADD447D0-6623-4710-8247-BA9B71D5D1F3}
	EndGlobalSection
	GlobalSection(ExtensibilityGlobals) = postSolution
		SolutionGuid = {208EA52E-8736-4D4A-B857-005039AF4D45}
	EndGlobalSection
EndGlobal
