
Microsoft Visual Studio Solution File, Format Version 12.00
# Visual Studio 15
VisualStudioVersion = 15.0.26430.16
MinimumVisualStudioVersion = 10.0.40219.1
Project("{FAE04EC0-301F-11D3-BF4B-00C04F79EFBC}") = "PlayerData", "src\PlayerData\PlayerData.csproj", "{81ABB8A8-5330-41FA-B35E-A93A476BEDC9}"
EndProject
Project("{FAE04EC0-301F-11D3-BF4B-00C04F79EFBC}") = "SmashTracker.Utility", "src\SmashTracker.Utility\SmashTracker.Utility.csproj", "{5DC3826B-2FAD-4594-8599-60DA641CC352}"
EndProject
Project("{FAE04EC0-301F-11D3-BF4B-00C04F79EFBC}") = "ChallongeApiClient", "src\ChallongeApiClient\ChallongeApiClient.csproj", "{7878C436-415B-4B58-994B-1588FA8E6B4E}"
EndProject
Project("{FAE04EC0-301F-11D3-BF4B-00C04F79EFBC}") = "SmashTracker", "src\Smash\SmashTracker.csproj", "{5118B291-E225-4310-BC3E-870192A7AB7B}"
EndProject
Global
	GlobalSection(SolutionConfigurationPlatforms) = preSolution
		Debug|Any CPU = Debug|Any CPU
		Release|Any CPU = Release|Any CPU
	EndGlobalSection
	GlobalSection(ProjectConfigurationPlatforms) = postSolution
		{81ABB8A8-5330-41FA-B35E-A93A476BEDC9}.Debug|Any CPU.ActiveCfg = Debug|Any CPU
		{81ABB8A8-5330-41FA-B35E-A93A476BEDC9}.Debug|Any CPU.Build.0 = Debug|Any CPU
		{81ABB8A8-5330-41FA-B35E-A93A476BEDC9}.Release|Any CPU.ActiveCfg = Release|Any CPU
		{81ABB8A8-5330-41FA-B35E-A93A476BEDC9}.Release|Any CPU.Build.0 = Release|Any CPU
		{5DC3826B-2FAD-4594-8599-60DA641CC352}.Debug|Any CPU.ActiveCfg = Debug|Any CPU
		{5DC3826B-2FAD-4594-8599-60DA641CC352}.Debug|Any CPU.Build.0 = Debug|Any CPU
		{5DC3826B-2FAD-4594-8599-60DA641CC352}.Release|Any CPU.ActiveCfg = Release|Any CPU
		{5DC3826B-2FAD-4594-8599-60DA641CC352}.Release|Any CPU.Build.0 = Release|Any CPU
		{7878C436-415B-4B58-994B-1588FA8E6B4E}.Debug|Any CPU.ActiveCfg = Debug|Any CPU
		{7878C436-415B-4B58-994B-1588FA8E6B4E}.Debug|Any CPU.Build.0 = Debug|Any CPU
		{7878C436-415B-4B58-994B-1588FA8E6B4E}.Release|Any CPU.ActiveCfg = Release|Any CPU
		{7878C436-415B-4B58-994B-1588FA8E6B4E}.Release|Any CPU.Build.0 = Release|Any CPU
		{5118B291-E225-4310-BC3E-870192A7AB7B}.Debug|Any CPU.ActiveCfg = Debug|Any CPU
		{5118B291-E225-4310-BC3E-870192A7AB7B}.Debug|Any CPU.Build.0 = Debug|Any CPU
		{5118B291-E225-4310-BC3E-870192A7AB7B}.Release|Any CPU.ActiveCfg = Release|Any CPU
		{5118B291-E225-4310-BC3E-870192A7AB7B}.Release|Any CPU.Build.0 = Release|Any CPU
	EndGlobalSection
	GlobalSection(SolutionProperties) = preSolution
		HideSolutionNode = FALSE
	EndGlobalSection
EndGlobal
